
Microsoft Visual Studio Solution File, Format Version 12.00
# Visual Studio Version 17
VisualStudioVersion = 17.4.33213.308
MinimumVisualStudioVersion = 10.0.40219.1
Project("{FAE04EC0-301F-11D3-BF4B-00C04F79EFBC}") = "Calculator", "Console_app\Calculator.csproj", "{31892158-69DB-4B9E-9FCC-ED064047D461}"
EndProject
Global
	GlobalSection(SolutionConfigurationPlatforms) = preSolution
		Debug|Any CPU = Debug|Any CPU
		Release|Any CPU = Release|Any CPU
	EndGlobalSection
	GlobalSection(ProjectConfigurationPlatforms) = postSolution
		{31892158-69DB-4B9E-9FCC-ED064047D461}.Debug|Any CPU.ActiveCfg = Debug|Any CPU
		{31892158-69DB-4B9E-9FCC-ED064047D461}.Debug|Any CPU.Build.0 = Debug|Any CPU
		{31892158-69DB-4B9E-9FCC-ED064047D461}.Release|Any CPU.ActiveCfg = Release|Any CPU
		{31892158-69DB-4B9E-9FCC-ED064047D461}.Release|Any CPU.Build.0 = Release|Any CPU
	EndGlobalSection
	GlobalSection(SolutionProperties) = preSolution
		HideSolutionNode = FALSE
	EndGlobalSection
	GlobalSection(ExtensibilityGlobals) = postSolution
		SolutionGuid = {1E018798-26F4-491F-8BA4-461B55BFC239}
	EndGlobalSection
EndGlobal
